lockfileVersion: '9.0'

settings:
  autoInstallPeers: false
  excludeLinksFromLockfile: false

importers:

  .:
    dependencies:
      dsh-plugin-subscriptions:
        specifier: ^0.9.2
        version: 0.9.2
      dshmarket:
        specifier: ^1.47.0
        version: 1.47.0

packages:

  argparse@2.0.1:
    resolution: {integrity: sha512-8+9WqebbFzpX9OR+Wa6O29asIogeRMzcGtAINdpMHHyAg10f05aSFVBbcEqGf/PXw1EjAZ+q2/bEBg3DvurK3Q==}

  dsh-plugin-subscriptions@0.9.2:
    resolution: {integrity: sha512-QWlwbQmhFaT6Tl1D/oByixH+ut2HsBDxRkWmwM7vqqASolRbXqQzlqx780Adyj9aicZXOJK4b/GuYQUPGjRYbw==}
    peerDependencies:
      '@deepseek-ai/cordis': ^4.0.1
      '@deepseek-ai/dsh-attachment': ^0.1.1-rc.2 || ^0.1.2-alpha.1
      '@deepseek-ai/dsh-home-paths': ^0.1.1-rc.2 || ^0.1.2-alpha.1
      '@deepseek-ai/dsh-llm': ^0.1.1-rc.2 || ^0.1.2-alpha.1
      '@deepseek-ai/dsh-tools': ^0.1.1-rc.2 || ^0.1.2-alpha.1
      '@deepseek-ai/schemastery': ^3.18.1

  dshmarket@1.47.0:
    resolution: {integrity: sha512-pVmakGEyZajwoDwXh7jGfHxtHtI5LCT5/4qmzfoU4gZKYD9F34AbJTF8MdU7Hfw0fBENs/Pkb0WF3kBZEf8QVg==}
    peerDependencies:
      '@deepseek-ai/cordis': ^4.0.1
      '@deepseek-ai/dsh-settings': ^0.1.0-rc.7 || ^0.1.1-rc.2 || ^0.1.2-alpha.2
      '@deepseek-ai/schemastery': ^3.18.1
    peerDependenciesMeta:
      '@deepseek-ai/dsh-settings':
        optional: true
      '@deepseek-ai/schemastery':
        optional: true

  js-yaml@4.3.2:
    resolution: {integrity: sha512-SFNOvSJ+Dgf/9An904Yx+CgSlIPCkIpao4qo51lpee25TIRejdH3rhR4EZMGoNx3/TP3O+wzWuiTFl4sqbltzA==}
    hasBin: true

  undici@7.29.1:
    resolution: {integrity: sha512-RYONW2MeafgYlkVOKYKkA/Ag7BmXqgIWCa8t1m0JcxrQg9pI9lEqRhAOruOBCbAohOa/gkCF+iPi9hrgvTzu6Q==}
    engines: {node: '>=20.18.1'}

snapshots:

  argparse@2.0.1: {}

  dsh-plugin-subscriptions@0.9.2:
    dependencies:
      undici: 7.29.1

  dshmarket@1.47.0:
    dependencies:
      js-yaml: 4.3.2
      undici: 7.29.1

  js-yaml@4.3.2:
    dependencies:
      argparse: 2.0.1

  undici@7.29.1: {}
